// !$*UTF8*$!
{
	archiveVersion = 1;
	classes = {
	};
	objectVersion = 50;
	objects = {

/* Begin PBXBuildFile section */
		1781A7666921F2DD1C879D42 /* Pods_table_log_demo_macos.framework in Frameworks */ = {isa = PBXBuildFile; fileRef = 1A712484E81E4F14C9DFBA0D /* Pods_table_log_demo_macos.framework */; };
		2156D5872157AFFE00978BED /* AppDelegate.swift in Sources */ = {isa = PBXBuildFile; fileRef = 2156D5862157AFFE00978BED /* AppDelegate.swift */; };
		2156D58C2157AFFE00978BED /* Main.storyboard in Resources */ = {isa = PBXBuildFile; fileRef = 2156D58A2157AFFE00978BED /* Main.storyboard */; };
		2156D58E2157AFFF00978BED /* Assets.xcassets in Resources */ = {isa = PBXBuildFile; fileRef = 2156D58D2157AFFF00978BED /* Assets.xcassets */; };
		2156D5912157AFFF00978BED /* LaunchScreen.storyboard in Resources */ = {isa = PBXBuildFile; fileRef = 2156D58F2157AFFF00978BED /* LaunchScreen.storyboard */; };
		2156D59B2157B11A00978BED /* ViewController.swift in Sources */ = {isa = PBXBuildFile; fileRef = 2156D5782157AF9800978BED /* ViewController.swift */; };
		2156D59D2157B44A00978BED /* table_log_ios.framework in Frameworks */ = {isa = PBXBuildFile; fileRef = 2156D59C2157B44A00978BED /* table_log_ios.framework */; };
		2156D59E2157B44A00978BED /* table_log_ios.framework in Embed Frameworks */ = {isa = PBXBuildFile; fileRef = 2156D59C2157B44A00978BED /* table_log_ios.framework */; settings = {ATTRIBUTES = (CodeSignOnCopy, RemoveHeadersOnCopy, ); }; };
		2156D5B62157C1AB00978BED /* Pods_table_log_macos.framework in Frameworks */ = {isa = PBXBuildFile; fileRef = 2156D5B52157C1AB00978BED /* Pods_table_log_macos.framework */; };
		2156D5C42157DFBE00978BED /* AppDelegate.swift in Sources */ = {isa = PBXBuildFile; fileRef = 2156D5C32157DFBE00978BED /* AppDelegate.swift */; };
		2156D5C62157DFBE00978BED /* ViewController.swift in Sources */ = {isa = PBXBuildFile; fileRef = 2156D5C52157DFBE00978BED /* ViewController.swift */; };
		2156D5C82157DFBF00978BED /* Assets.xcassets in Resources */ = {isa = PBXBuildFile; fileRef = 2156D5C72157DFBF00978BED /* Assets.xcassets */; };
		2156D5CB2157DFBF00978BED /* Main.storyboard in Resources */ = {isa = PBXBuildFile; fileRef = 2156D5C92157DFBF00978BED /* Main.storyboard */; };
		2156D5D22157E21900978BED /* table_log.framework in Frameworks */ = {isa = PBXBuildFile; fileRef = 2156D5D12157E21900978BED /* table_log.framework */; };
		2156D5D32157E21900978BED /* table_log.framework in Embed Frameworks */ = {isa = PBXBuildFile; fileRef = 2156D5D12157E21900978BED /* table_log.framework */; settings = {ATTRIBUTES = (CodeSignOnCopy, RemoveHeadersOnCopy, ); }; };
		21F3955C2146ABCB00451A50 /* main.swift in Sources */ = {isa = PBXBuildFile; fileRef = 21F3955B2146ABCB00451A50 /* main.swift */; };
		7DCD3E8AC6CC0A9AF65B8F48 /* Pods_table_log_demo_macos_cli.framework in Frameworks */ = {isa = PBXBuildFile; fileRef = 59C888899CB1548A467D5D11 /* Pods_table_log_demo_macos_cli.framework */; };
		B3A4167701B6BFDFC69032D6 /* Pods_table_log_demo_macos.framework in Frameworks */ = {isa = PBXBuildFile; fileRef = 1A712484E81E4F14C9DFBA0D /* Pods_table_log_demo_macos.framework */; };
		FE278DA57EFA28B1FF228B94 /* Pods_table_log_demo_ios.framework in Frameworks */ = {isa = PBXBuildFile; fileRef = A3B7DCBBF59B3FE96C4A0F95 /* Pods_table_log_demo_ios.framework */; };
/* End PBXBuildFile section */

/* Begin PBXCopyFilesBuildPhase section */
		2156D5992157B0A300978BED /* Embed Frameworks */ = {
			isa = PBXCopyFilesBuildPhase;
			buildActionMask = 2147483647;
			dstPath = "";
			dstSubfolderSpec = 10;
			files = (
				2156D59E2157B44A00978BED /* table_log_ios.framework in Embed Frameworks */,
			);
			name = "Embed Frameworks";
			runOnlyForDeploymentPostprocessing = 0;
		};
		2156D5D42157E21900978BED /* Embed Frameworks */ = {
			isa = PBXCopyFilesBuildPhase;
			buildActionMask = 2147483647;
			dstPath = "";
			dstSubfolderSpec = 10;
			files = (
				2156D5D32157E21900978BED /* table_log.framework in Embed Frameworks */,
			);
			name = "Embed Frameworks";
			runOnlyForDeploymentPostprocessing = 0;
		};
		21F395562146ABCB00451A50 /* CopyFiles */ = {
			isa = PBXCopyFilesBuildPhase;
			buildActionMask = 2147483647;
			dstPath = /usr/share/man/man1/;
			dstSubfolderSpec = 0;
			files = (
			);
			runOnlyForDeploymentPostprocessing = 1;
		};
/* End PBXCopyFilesBuildPhase section */

/* Begin PBXFileReference section */
		1A712484E81E4F14C9DFBA0D /* Pods_table_log_demo_macos.framework */ = {isa = PBXFileReference; explicitFileType = wrapper.framework; includeInIndex = 0; path = Pods_table_log_demo_macos.framework; sourceTree = BUILT_PRODUCTS_DIR; };
		1BBCBF5B00AE151F2CADD1B8 /* Pods-table-log-demo.debug.xcconfig */ = {isa = PBXFileReference; includeInIndex = 1; lastKnownFileType = text.xcconfig; name = "Pods-table-log-demo.debug.xcconfig"; path = "../Pods/Target Support Files/Pods-table-log-demo/Pods-table-log-demo.debug.xcconfig"; sourceTree = "<group>"; };
		21560E30214800AE00B675CE /* table_log_macos.framework */ = {isa = PBXFileReference; explicitFileType = wrapper.framework; path = table_log_macos.framework; sourceTree = BUILT_PRODUCTS_DIR; };
		2156D5782157AF9800978BED /* ViewController.swift */ = {isa = PBXFileReference; fileEncoding = 4; lastKnownFileType = sourcecode.swift; path = ViewController.swift; sourceTree = "<group>"; };
		2156D5842157AFFE00978BED /* table-log-demo-ios.app */ = {isa = PBXFileReference; explicitFileType = wrapper.application; includeInIndex = 0; path = "table-log-demo-ios.app"; sourceTree = BUILT_PRODUCTS_DIR; };
		2156D5862157AFFE00978BED /* AppDelegate.swift */ = {isa = PBXFileReference; lastKnownFileType = sourcecode.swift; path = AppDelegate.swift; sourceTree = "<group>"; };
		2156D58B2157AFFE00978BED /* Base */ = {isa = PBXFileReference; lastKnownFileType = file.storyboard; name = Base; path = Base.lproj/Main.storyboard; sourceTree = "<group>"; };
		2156D58D2157AFFF00978BED /* Assets.xcassets */ = {isa = PBXFileReference; lastKnownFileType = folder.assetcatalog; path = Assets.xcassets; sourceTree = "<group>"; };
		2156D5902157AFFF00978BED /* Base */ = {isa = PBXFileReference; lastKnownFileType = file.storyboard; name = Base; path = Base.lproj/LaunchScreen.storyboard; sourceTree = "<group>"; };
		2156D5922157AFFF00978BED /* Info.plist */ = {isa = PBXFileReference; lastKnownFileType = text.plist.xml; path = Info.plist; sourceTree = "<group>"; };
		2156D59C2157B44A00978BED /* table_log_ios.framework */ = {isa = PBXFileReference; explicitFileType = wrapper.framework; path = table_log_ios.framework; sourceTree = BUILT_PRODUCTS_DIR; };
		2156D5B32157B7E500978BED /* libtable-log-macos-lib.dylib */ = {isa = PBXFileReference; explicitFileType = "compiled.mach-o.dylib"; path = "libtable-log-macos-lib.dylib"; sourceTree = BUILT_PRODUCTS_DIR; };
		2156D5B52157C1AB00978BED /* Pods_table_log_macos.framework */ = {isa = PBXFileReference; explicitFileType = wrapper.framework; path = Pods_table_log_macos.framework; sourceTree = BUILT_PRODUCTS_DIR; };
		2156D5B92157C7FF00978BED /* AppKit.framework */ = {isa = PBXFileReference; lastKnownFileType = wrapper.framework; name = AppKit.framework; path = System/Library/Frameworks/AppKit.framework; sourceTree = SDKROOT; };
		2156D5C12157DFBE00978BED /* table-log-demo-macos.app */ = {isa = PBXFileReference; explicitFileType = wrapper.application; includeInIndex = 0; path = "table-log-demo-macos.app"; sourceTree = BUILT_PRODUCTS_DIR; };
		2156D5C32157DFBE00978BED /* AppDelegate.swift */ = {isa = PBXFileReference; lastKnownFileType = sourcecode.swift; path = AppDelegate.swift; sourceTree = "<group>"; };
		2156D5C52157DFBE00978BED /* ViewController.swift */ = {isa = PBXFileReference; lastKnownFileType = sourcecode.swift; path = ViewController.swift; sourceTree = "<group>"; };
		2156D5C72157DFBF00978BED /* Assets.xcassets */ = {isa = PBXFileReference; lastKnownFileType = folder.assetcatalog; path = Assets.xcassets; sourceTree = "<group>"; };
		2156D5CA2157DFBF00978BED /* Base */ = {isa = PBXFileReference; lastKnownFileType = file.storyboard; name = Base; path = Base.lproj/Main.storyboard; sourceTree = "<group>"; };
		2156D5CC2157DFBF00978BED /* Info.plist */ = {isa = PBXFileReference; lastKnownFileType = text.plist.xml; path = Info.plist; sourceTree = "<group>"; };
		2156D5CD2157DFBF00978BED /* table_log_demo_macos.entitlements */ = {isa = PBXFileReference; lastKnownFileType = text.plist.entitlements; path = table_log_demo_macos.entitlements; sourceTree = "<group>"; };
		2156D5D12157E21900978BED /* table_log.framework */ = {isa = PBXFileReference; explicitFileType = wrapper.framework; path = table_log.framework; sourceTree = BUILT_PRODUCTS_DIR; };
		21F395582146ABCB00451A50 /* table-log-demo-macos-cli */ = {isa = PBXFileReference; explicitFileType = "compiled.mach-o.executable"; includeInIndex = 0; path = "table-log-demo-macos-cli"; sourceTree = BUILT_PRODUCTS_DIR; };
		21F3955B2146ABCB00451A50 /* main.swift */ = {isa = PBXFileReference; lastKnownFileType = sourcecode.swift; path = main.swift; sourceTree = "<group>"; };
		3B5B4B16B803916F77E94795 /* Pods-table-log-demo-macos-cli.debug.xcconfig */ = {isa = PBXFileReference; includeInIndex = 1; lastKnownFileType = text.xcconfig; name = "Pods-table-log-demo-macos-cli.debug.xcconfig"; path = "../Pods/Target Support Files/Pods-table-log-demo-macos-cli/Pods-table-log-demo-macos-cli.debug.xcconfig"; sourceTree = "<group>"; };
		541B2C5289C0D7E6FE0A24F2 /* Pods-table-log-demo-macos.debug.xcconfig */ = {isa = PBXFileReference; includeInIndex = 1; lastKnownFileType = text.xcconfig; name = "Pods-table-log-demo-macos.debug.xcconfig"; path = "../Pods/Target Support Files/Pods-table-log-demo-macos/Pods-table-log-demo-macos.debug.xcconfig"; sourceTree = "<group>"; };
		59C888899CB1548A467D5D11 /* Pods_table_log_demo_macos_cli.framework */ = {isa = PBXFileReference; explicitFileType = wrapper.framework; includeInIndex = 0; path = Pods_table_log_demo_macos_cli.framework; sourceTree = BUILT_PRODUCTS_DIR; };
		900DAB320673C8A09D546401 /* Pods-table-log-demo-macos.release.xcconfig */ = {isa = PBXFileReference; includeInIndex = 1; lastKnownFileType = text.xcconfig; name = "Pods-table-log-demo-macos.release.xcconfig"; path = "../Pods/Target Support Files/Pods-table-log-demo-macos/Pods-table-log-demo-macos.release.xcconfig"; sourceTree = "<group>"; };
		9707D4A472E3E9886B9684E2 /* Pods-table-log-demo.release.xcconfig */ = {isa = PBXFileReference; includeInIndex = 1; lastKnownFileType = text.xcconfig; name = "Pods-table-log-demo.release.xcconfig"; path = "../Pods/Target Support Files/Pods-table-log-demo/Pods-table-log-demo.release.xcconfig"; sourceTree = "<group>"; };
		A288C7D006CFC41A52EBFCD6 /* Pods-table-log-demo-ios.debug.xcconfig */ = {isa = PBXFileReference; includeInIndex = 1; lastKnownFileType = text.xcconfig; name = "Pods-table-log-demo-ios.debug.xcconfig"; path = "../Pods/Target Support Files/Pods-table-log-demo-ios/Pods-table-log-demo-ios.debug.xcconfig"; sourceTree = "<group>"; };
		A3B7DCBBF59B3FE96C4A0F95 /* Pods_table_log_demo_ios.framework */ = {isa = PBXFileReference; explicitFileType = wrapper.framework; includeInIndex = 0; path = Pods_table_log_demo_ios.framework; sourceTree = BUILT_PRODUCTS_DIR; };
		D19196E345E4A24B3DE80110 /* Pods-table-log-demo-ios.release.xcconfig */ = {isa = PBXFileReference; includeInIndex = 1; lastKnownFileType = text.xcconfig; name = "Pods-table-log-demo-ios.release.xcconfig"; path = "../Pods/Target Support Files/Pods-table-log-demo-ios/Pods-table-log-demo-ios.release.xcconfig"; sourceTree = "<group>"; };
		DC9500C9C73E5432FAECF543 /* Pods-table-log-demo-macos-cli.release.xcconfig */ = {isa = PBXFileReference; includeInIndex = 1; lastKnownFileType = text.xcconfig; name = "Pods-table-log-demo-macos-cli.release.xcconfig"; path = "../Pods/Target Support Files/Pods-table-log-demo-macos-cli/Pods-table-log-demo-macos-cli.release.xcconfig"; sourceTree = "<group>"; };
/* End PBXFileReference section */

/* Begin PBXFrameworksBuildPhase section */
		2156D5812157AFFE00978BED /* Frameworks */ = {
			isa = PBXFrameworksBuildPhase;
			buildActionMask = 2147483647;
			files = (
				2156D59D2157B44A00978BED /* table_log_ios.framework in Frameworks */,
				FE278DA57EFA28B1FF228B94 /* Pods_table_log_demo_ios.framework in Frameworks */,
			);
			runOnlyForDeploymentPostprocessing = 0;
		};
		2156D5BE2157DFBE00978BED /* Frameworks */ = {
			isa = PBXFrameworksBuildPhase;
			buildActionMask = 2147483647;
			files = (
				2156D5D22157E21900978BED /* table_log.framework in Frameworks */,
				1781A7666921F2DD1C879D42 /* Pods_table_log_demo_macos.framework in Frameworks */,
			);
			runOnlyForDeploymentPostprocessing = 0;
		};
		21F395552146ABCB00451A50 /* Frameworks */ = {
			isa = PBXFrameworksBuildPhase;
			buildActionMask = 2147483647;
			files = (
				2156D5B62157C1AB00978BED /* Pods_table_log_macos.framework in Frameworks */,
				B3A4167701B6BFDFC69032D6 /* Pods_table_log_demo_macos.framework in Frameworks */,
				7DCD3E8AC6CC0A9AF65B8F48 /* Pods_table_log_demo_macos_cli.framework in Frameworks */,
			);
			runOnlyForDeploymentPostprocessing = 0;
		};
/* End PBXFrameworksBuildPhase section */

/* Begin PBXGroup section */
		2156D5702157AF1600978BED /* iOS */ = {
			isa = PBXGroup;
			children = (
				2156D5862157AFFE00978BED /* AppDelegate.swift */,
				2156D5782157AF9800978BED /* ViewController.swift */,
				2156D58A2157AFFE00978BED /* Main.storyboard */,
				2156D58D2157AFFF00978BED /* Assets.xcassets */,
				2156D58F2157AFFF00978BED /* LaunchScreen.storyboard */,
				2156D5922157AFFF00978BED /* Info.plist */,
			);
			path = iOS;
			sourceTree = "<group>";
		};
		2156D5C22157DFBE00978BED /* macOS */ = {
			isa = PBXGroup;
			children = (
				2156D5C32157DFBE00978BED /* AppDelegate.swift */,
				2156D5C52157DFBE00978BED /* ViewController.swift */,
				2156D5C72157DFBF00978BED /* Assets.xcassets */,
				2156D5C92157DFBF00978BED /* Main.storyboard */,
				2156D5CC2157DFBF00978BED /* Info.plist */,
				2156D5CD2157DFBF00978BED /* table_log_demo_macos.entitlements */,
			);
			path = macOS;
			sourceTree = "<group>";
		};
		21F3954F2146ABCB00451A50 = {
			isa = PBXGroup;
			children = (
				2156D5D12157E21900978BED /* table_log.framework */,
				2156D59C2157B44A00978BED /* table_log_ios.framework */,
				2156D5702157AF1600978BED /* iOS */,
				2156D5C22157DFBE00978BED /* macOS */,
				21F3955A2146ABCB00451A50 /* macOS CLI */,
				21F395592146ABCB00451A50 /* Products */,
				E9233C13759C0282603BD0FC /* Pods */,
				8BB0108083F9872A29836787 /* Frameworks */,
			);
			sourceTree = "<group>";
		};
		21F395592146ABCB00451A50 /* Products */ = {
			isa = PBXGroup;
			children = (
				21F395582146ABCB00451A50 /* table-log-demo-macos-cli */,
				2156D5842157AFFE00978BED /* table-log-demo-ios.app */,
				2156D5C12157DFBE00978BED /* table-log-demo-macos.app */,
			);
			name = Products;
			sourceTree = "<group>";
		};
		21F3955A2146ABCB00451A50 /* macOS CLI */ = {
			isa = PBXGroup;
			children = (
				21F3955B2146ABCB00451A50 /* main.swift */,
			);
			path = "macOS CLI";
			sourceTree = "<group>";
		};
		8BB0108083F9872A29836787 /* Frameworks */ = {
			isa = PBXGroup;
			children = (
				2156D5B92157C7FF00978BED /* AppKit.framework */,
				2156D5B52157C1AB00978BED /* Pods_table_log_macos.framework */,
				2156D5B32157B7E500978BED /* libtable-log-macos-lib.dylib */,
				21560E30214800AE00B675CE /* table_log_macos.framework */,
				1A712484E81E4F14C9DFBA0D /* Pods_table_log_demo_macos.framework */,
				A3B7DCBBF59B3FE96C4A0F95 /* Pods_table_log_demo_ios.framework */,
				59C888899CB1548A467D5D11 /* Pods_table_log_demo_macos_cli.framework */,
			);
			name = Frameworks;
			sourceTree = "<group>";
		};
		E9233C13759C0282603BD0FC /* Pods */ = {
			isa = PBXGroup;
			children = (
				1BBCBF5B00AE151F2CADD1B8 /* Pods-table-log-demo.debug.xcconfig */,
				9707D4A472E3E9886B9684E2 /* Pods-table-log-demo.release.xcconfig */,
				A288C7D006CFC41A52EBFCD6 /* Pods-table-log-demo-ios.debug.xcconfig */,
				D19196E345E4A24B3DE80110 /* Pods-table-log-demo-ios.release.xcconfig */,
				541B2C5289C0D7E6FE0A24F2 /* Pods-table-log-demo-macos.debug.xcconfig */,
				900DAB320673C8A09D546401 /* Pods-table-log-demo-macos.release.xcconfig */,
				3B5B4B16B803916F77E94795 /* Pods-table-log-demo-macos-cli.debug.xcconfig */,
				DC9500C9C73E5432FAECF543 /* Pods-table-log-demo-macos-cli.release.xcconfig */,
			);
			name = Pods;
			sourceTree = "<group>";
		};
/* End PBXGroup section */

/* Begin PBXNativeTarget section */
		2156D5832157AFFE00978BED /* table-log-demo-ios */ = {
			isa = PBXNativeTarget;
			buildConfigurationList = 2156D5932157AFFF00978BED /* Build configuration list for PBXNativeTarget "table-log-demo-ios" */;
			buildPhases = (
				3278D0793A09038786BE02EF /* [CP] Check Pods Manifest.lock */,
				2156D5802157AFFE00978BED /* Sources */,
				2156D5812157AFFE00978BED /* Frameworks */,
				2156D5822157AFFE00978BED /* Resources */,
				2156D5992157B0A300978BED /* Embed Frameworks */,
			);
			buildRules = (
			);
			dependencies = (
			);
			name = "table-log-demo-ios";
			productName = "table-log-demo-ios";
			productReference = 2156D5842157AFFE00978BED /* table-log-demo-ios.app */;
			productType = "com.apple.product-type.application";
		};
		2156D5C02157DFBE00978BED /* table-log-demo-macos */ = {
			isa = PBXNativeTarget;
			buildConfigurationList = 2156D5CE2157DFBF00978BED /* Build configuration list for PBXNativeTarget "table-log-demo-macos" */;
			buildPhases = (
				C6647FBF1316CF3C214C9BEE /* [CP] Check Pods Manifest.lock */,
				2156D5BD2157DFBE00978BED /* Sources */,
				2156D5BE2157DFBE00978BED /* Frameworks */,
				2156D5BF2157DFBE00978BED /* Resources */,
				2156D5D42157E21900978BED /* Embed Frameworks */,
			);
			buildRules = (
			);
			dependencies = (
			);
			name = "table-log-demo-macos";
			productName = "table-log-demo-macos";
			productReference = 2156D5C12157DFBE00978BED /* table-log-demo-macos.app */;
			productType = "com.apple.product-type.application";
		};
		21F395572146ABCB00451A50 /* table-log-demo-macos-cli */ = {
			isa = PBXNativeTarget;
			buildConfigurationList = 21F3955F2146ABCB00451A50 /* Build configuration list for PBXNativeTarget "table-log-demo-macos-cli" */;
			buildPhases = (
				0244F96FD62EC46E851A96CC /* [CP] Check Pods Manifest.lock */,
				21F395542146ABCB00451A50 /* Sources */,
				21F395552146ABCB00451A50 /* Frameworks */,
				21F395562146ABCB00451A50 /* CopyFiles */,
			);
			buildRules = (
			);
			dependencies = (
			);
			name = "table-log-demo-macos-cli";
			productName = "table-log-demo";
			productReference = 21F395582146ABCB00451A50 /* table-log-demo-macos-cli */;
			productType = "com.apple.product-type.tool";
		};
/* End PBXNativeTarget section */

/* Begin PBXProject section */
		21F395502146ABCB00451A50 /* Project object */ = {
			isa = PBXProject;
			attributes = {
				LastSwiftUpdateCheck = 1000;
				LastUpgradeCheck = 0940;
				ORGANIZATIONNAME = "Lukas Würzburger";
				TargetAttributes = {
					2156D5832157AFFE00978BED = {
						CreatedOnToolsVersion = 10.0;
					};
					2156D5C02157DFBE00978BED = {
						CreatedOnToolsVersion = 10.0;
					};
					21F395572146ABCB00451A50 = {
						CreatedOnToolsVersion = 9.4.1;
					};
				};
			};
			buildConfigurationList = 21F395532146ABCB00451A50 /* Build configuration list for PBXProject "table-log-demo" */;
			compatibilityVersion = "Xcode 9.3";
			developmentRegion = en;
			hasScannedForEncodings = 0;
			knownRegions = (
				en,
				Base,
			);
			mainGroup = 21F3954F2146ABCB00451A50;
			productRefGroup = 21F395592146ABCB00451A50 /* Products */;
			projectDirPath = "";
			projectRoot = "";
			targets = (
				2156D5832157AFFE00978BED /* table-log-demo-ios */,
				2156D5C02157DFBE00978BED /* table-log-demo-macos */,
				21F395572146ABCB00451A50 /* table-log-demo-macos-cli */,
			);
		};
/* End PBXProject section */

/* Begin PBXResourcesBuildPhase section */
		2156D5822157AFFE00978BED /* Resources */ = {
			isa = PBXResourcesBuildPhase;
			buildActionMask = 2147483647;
			files = (
				2156D5912157AFFF00978BED /* LaunchScreen.storyboard in Resources */,
				2156D58E2157AFFF00978BED /* Assets.xcassets in Resources */,
				2156D58C2157AFFE00978BED /* Main.storyboard in Resources */,
			);
			runOnlyForDeploymentPostprocessing = 0;
		};
		2156D5BF2157DFBE00978BED /* Resources */ = {
			isa = PBXResourcesBuildPhase;
			buildActionMask = 2147483647;
			files = (
				2156D5C82157DFBF00978BED /* Assets.xcassets in Resources */,
				2156D5CB2157DFBF00978BED /* Main.storyboard in Resources */,
			);
			runOnlyForDeploymentPostprocessing = 0;
		};
/* End PBXResourcesBuildPhase section */

/* Begin PBXShellScriptBuildPhase section */
		0244F96FD62EC46E851A96CC /* [CP] Check Pods Manifest.lock */ = {
			isa = PBXShellScriptBuildPhase;
			buildActionMask = 2147483647;
			files = (
			);
			inputPaths = (
				"${PODS_PODFILE_DIR_PATH}/Podfile.lock",
				"${PODS_ROOT}/Manifest.lock",
			);
			name = "[CP] Check Pods Manifest.lock";
			outputPaths = (
				"$(DERIVED_FILE_DIR)/Pods-table-log-demo-macos-cli-checkManifestLockResult.txt",
			);
			runOnlyForDeploymentPostprocessing = 0;
			shellPath = /bin/sh;
			shellScript = "diff \"${PODS_PODFILE_DIR_PATH}/Podfile.lock\" \"${PODS_ROOT}/Manifest.lock\" > /dev/null\nif [ $? != 0 ] ; then\n    # print error to STDERR\n    echo \"error: The sandbox is not in sync with the Podfile.lock. Run 'pod install' or update your CocoaPods installation.\" >&2\n    exit 1\nfi\n# This output is used by Xcode 'outputs' to avoid re-running this script phase.\necho \"SUCCESS\" > \"${SCRIPT_OUTPUT_FILE_0}\"\n";
			showEnvVarsInLog = 0;
		};
		3278D0793A09038786BE02EF /* [CP] Check Pods Manifest.lock */ = {
			isa = PBXShellScriptBuildPhase;
			buildActionMask = 2147483647;
			files = (
			);
			inputPaths = (
				"${PODS_PODFILE_DIR_PATH}/Podfile.lock",
				"${PODS_ROOT}/Manifest.lock",
			);
			name = "[CP] Check Pods Manifest.lock";
			outputPaths = (
				"$(DERIVED_FILE_DIR)/Pods-table-log-demo-ios-checkManifestLockResult.txt",
			);
			runOnlyForDeploymentPostprocessing = 0;
			shellPath = /bin/sh;
			shellScript = "diff \"${PODS_PODFILE_DIR_PATH}/Podfile.lock\" \"${PODS_ROOT}/Manifest.lock\" > /dev/null\nif [ $? != 0 ] ; then\n    # print error to STDERR\n    echo \"error: The sandbox is not in sync with the Podfile.lock. Run 'pod install' or update your CocoaPods installation.\" >&2\n    exit 1\nfi\n# This output is used by Xcode 'outputs' to avoid re-running this script phase.\necho \"SUCCESS\" > \"${SCRIPT_OUTPUT_FILE_0}\"\n";
			showEnvVarsInLog = 0;
		};
		C6647FBF1316CF3C214C9BEE /* [CP] Check Pods Manifest.lock */ = {
			isa = PBXShellScriptBuildPhase;
			buildActionMask = 2147483647;
			files = (
			);
			inputPaths = (
				"${PODS_PODFILE_DIR_PATH}/Podfile.lock",
				"${PODS_ROOT}/Manifest.lock",
			);
			name = "[CP] Check Pods Manifest.lock";
			outputPaths = (
				"$(DERIVED_FILE_DIR)/Pods-table-log-demo-macos-checkManifestLockResult.txt",
			);
			runOnlyForDeploymentPostprocessing = 0;
			shellPath = /bin/sh;
			shellScript = "diff \"${PODS_PODFILE_DIR_PATH}/Podfile.lock\" \"${PODS_ROOT}/Manifest.lock\" > /dev/null\nif [ $? != 0 ] ; then\n    # print error to STDERR\n    echo \"error: The sandbox is not in sync with the Podfile.lock. Run 'pod install' or update your CocoaPods installation.\" >&2\n    exit 1\nfi\n# This output is used by Xcode 'outputs' to avoid re-running this script phase.\necho \"SUCCESS\" > \"${SCRIPT_OUTPUT_FILE_0}\"\n";
			showEnvVarsInLog = 0;
		};
/* End PBXShellScriptBuildPhase section */

/* Begin PBXSourcesBuildPhase section */
		2156D5802157AFFE00978BED /* Sources */ = {
			isa = PBXSourcesBuildPhase;
			buildActionMask = 2147483647;
			files = (
				2156D59B2157B11A00978BED /* ViewController.swift in Sources */,
				2156D5872157AFFE00978BED /* AppDelegate.swift in Sources */,
			);
			runOnlyForDeploymentPostprocessing = 0;
		};
		2156D5BD2157DFBE00978BED /* Sources */ = {
			isa = PBXSourcesBuildPhase;
			buildActionMask = 2147483647;
			files = (
				2156D5C62157DFBE00978BED /* ViewController.swift in Sources */,
				2156D5C42157DFBE00978BED /* AppDelegate.swift in Sources */,
			);
			runOnlyForDeploymentPostprocessing = 0;
		};
		21F395542146ABCB00451A50 /* Sources */ = {
			isa = PBXSourcesBuildPhase;
			buildActionMask = 2147483647;
			files = (
				21F3955C2146ABCB00451A50 /* main.swift in Sources */,
			);
			runOnlyForDeploymentPostprocessing = 0;
		};
/* End PBXSourcesBuildPhase section */

/* Begin PBXVariantGroup section */
		2156D58A2157AFFE00978BED /* Main.storyboard */ = {
			isa = PBXVariantGroup;
			children = (
				2156D58B2157AFFE00978BED /* Base */,
			);
			name = Main.storyboard;
			sourceTree = "<group>";
		};
		2156D58F2157AFFF00978BED /* LaunchScreen.storyboard */ = {
			isa = PBXVariantGroup;
			children = (
				2156D5902157AFFF00978BED /* Base */,
			);
			name = LaunchScreen.storyboard;
			sourceTree = "<group>";
		};
		2156D5C92157DFBF00978BED /* Main.storyboard */ = {
			isa = PBXVariantGroup;
			children = (
				2156D5CA2157DFBF00978BED /* Base */,
			);
			name = Main.storyboard;
			sourceTree = "<group>";
		};
/* End PBXVariantGroup section */

/* Begin XCBuildConfiguration section */
		2156D5942157AFFF00978BED /* Debug */ = {
			isa = XCBuildConfiguration;
			baseConfigurationReference = A288C7D006CFC41A52EBFCD6 /* Pods-table-log-demo-ios.debug.xcconfig */;
			buildSettings = {
				ASSETCATALOG_COMPILER_APPICON_NAME = AppIcon;
				CODE_SIGN_IDENTITY = "iPhone Developer";
				CODE_SIGN_STYLE = Manual;
				DEVELOPMENT_TEAM = "";
				INFOPLIST_FILE = "$(SRCROOT)/iOS/Info.plist";
				IPHONEOS_DEPLOYMENT_TARGET = 12.0;
				LD_RUNPATH_SEARCH_PATHS = (
					"$(inherited)",
					"@executable_path/Frameworks",
				);
				MTL_ENABLE_DEBUG_INFO = INCLUDE_SOURCE;
				MTL_FAST_MATH = YES;
				PRODUCT_BUNDLE_IDENTIFIER = "de.lukaswuerzburger.table-log-demo-ios";
				PRODUCT_NAME = "$(TARGET_NAME)";
				PROVISIONING_PROFILE_SPECIFIER = "";
				SDKROOT = iphoneos;
				SWIFT_VERSION = 4.0;
				TARGETED_DEVICE_FAMILY = "1,2";
			};
			name = Debug;
		};
		2156D5952157AFFF00978BED /* Release */ = {
			isa = XCBuildConfiguration;
			baseConfigurationReference = D19196E345E4A24B3DE80110 /* Pods-table-log-demo-ios.release.xcconfig */;
			buildSettings = {
				ASSETCATALOG_COMPILER_APPICON_NAME = AppIcon;
				CODE_SIGN_IDENTITY = "iPhone Developer";
				CODE_SIGN_STYLE = Manual;
				DEVELOPMENT_TEAM = "";
				INFOPLIST_FILE = "$(SRCROOT)/iOS/Info.plist";
				IPHONEOS_DEPLOYMENT_TARGET = 12.0;
				LD_RUNPATH_SEARCH_PATHS = (
					"$(inherited)",
					"@executable_path/Frameworks",
				);
				MTL_FAST_MATH = YES;
				PRODUCT_BUNDLE_IDENTIFIER = "de.lukaswuerzburger.table-log-demo-ios";
				PRODUCT_NAME = "$(TARGET_NAME)";
				PROVISIONING_PROFILE_SPECIFIER = "";
				SDKROOT = iphoneos;
				SWIFT_VERSION = 4.0;
				TARGETED_DEVICE_FAMILY = "1,2";
				VALIDATE_PRODUCT = YES;
			};
			name = Release;
		};
		2156D5CF2157DFBF00978BED /* Debug */ = {
			isa = XCBuildConfiguration;
			baseConfigurationReference = 541B2C5289C0D7E6FE0A24F2 /* Pods-table-log-demo-macos.debug.xcconfig */;
			buildSettings = {
				ASSETCATALOG_COMPILER_APPICON_NAME = AppIcon;
				CODE_SIGN_ENTITLEMENTS = "table-log-demo-macos/table_log_demo_macos.entitlements";
				CODE_SIGN_STYLE = Automatic;
				COMBINE_HIDPI_IMAGES = YES;
				INFOPLIST_FILE = "$(SRCROOT)/macOS/Info.plist";
				LD_RUNPATH_SEARCH_PATHS = (
					"$(inherited)",
					"@executable_path/../Frameworks",
				);
				MACOSX_DEPLOYMENT_TARGET = 10.13;
				MTL_ENABLE_DEBUG_INFO = INCLUDE_SOURCE;
				MTL_FAST_MATH = YES;
				PRODUCT_BUNDLE_IDENTIFIER = "de.lukaswuerzburger.table-log-demo-macos";
				PRODUCT_NAME = "$(TARGET_NAME)";
				SWIFT_VERSION = 4.2;
			};
			name = Debug;
		};
		2156D5D02157DFBF00978BED /* Release */ = {
			isa = XCBuildConfiguration;
			baseConfigurationReference = 900DAB320673C8A09D546401 /* Pods-table-log-demo-macos.release.xcconfig */;
			buildSettings = {
				ASSETCATALOG_COMPILER_APPICON_NAME = AppIcon;
				CODE_SIGN_ENTITLEMENTS = "table-log-demo-macos/table_log_demo_macos.entitlements";
				CODE_SIGN_STYLE = Automatic;
				COMBINE_HIDPI_IMAGES = YES;
				INFOPLIST_FILE = "$(SRCROOT)/macOS/Info.plist";
				LD_RUNPATH_SEARCH_PATHS = (
					"$(inherited)",
					"@executable_path/../Frameworks",
				);
				MACOSX_DEPLOYMENT_TARGET = 10.13;
				MTL_FAST_MATH = YES;
				PRODUCT_BUNDLE_IDENTIFIER = "de.lukaswuerzburger.table-log-demo-macos";
				PRODUCT_NAME = "$(TARGET_NAME)";
				SWIFT_VERSION = 4.2;
			};
			name = Release;
		};
		21F3955D2146ABCB00451A50 /* Debug */ = {
			isa = XCBuildConfiguration;
			buildSettings = {
				ALWAYS_SEARCH_USER_PATHS = NO;
				CLANG_ANALYZER_NONNULL = YES;
				CLANG_ANALYZER_NUMBER_OBJECT_CONVERSION = YES_AGGRESSIVE;
				CLANG_CXX_LANGUAGE_STANDARD = "gnu++14";
				CLANG_CXX_LIBRARY = "libc++";
				CLANG_ENABLE_MODULES = YES;
				CLANG_ENABLE_OBJC_ARC = YES;
				CLANG_ENABLE_OBJC_WEAK = YES;
				CLANG_WARN_BLOCK_CAPTURE_AUTORELEASING = YES;
				CLANG_WARN_BOOL_CONVERSION = YES;
				CLANG_WARN_COMMA = YES;
				CLANG_WARN_CONSTANT_CONVERSION = YES;
				CLANG_WARN_DEPRECATED_OBJC_IMPLEMENTATIONS = YES;
				CLANG_WARN_DIRECT_OBJC_ISA_USAGE = YES_ERROR;
				CLANG_WARN_DOCUMENTATION_COMMENTS = YES;
				CLANG_WARN_EMPTY_BODY = YES;
				CLANG_WARN_ENUM_CONVERSION = YES;
				CLANG_WARN_INFINITE_RECURSION = YES;
				CLANG_WARN_INT_CONVERSION = YES;
				CLANG_WARN_NON_LITERAL_NULL_CONVERSION = YES;
				CLANG_WARN_OBJC_IMPLICIT_RETAIN_SELF = YES;
				CLANG_WARN_OBJC_LITERAL_CONVERSION = YES;
				CLANG_WARN_OBJC_ROOT_CLASS = YES_ERROR;
				CLANG_WARN_RANGE_LOOP_ANALYSIS = YES;
				CLANG_WARN_STRICT_PROTOTYPES = YES;
				CLANG_WARN_SUSPICIOUS_MOVE = YES;
				CLANG_WARN_UNGUARDED_AVAILABILITY = YES_AGGRESSIVE;
				CLANG_WARN_UNREACHABLE_CODE = YES;
				CLANG_WARN__DUPLICATE_METHOD_MATCH = YES;
				CODE_SIGN_IDENTITY = "-";
				COPY_PHASE_STRIP = NO;
				DEBUG_INFORMATION_FORMAT = dwarf;
				ENABLE_STRICT_OBJC_MSGSEND = YES;
				ENABLE_TESTABILITY = YES;
				GCC_C_LANGUAGE_STANDARD = gnu11;
				GCC_DYNAMIC_NO_PIC = NO;
				GCC_NO_COMMON_BLOCKS = YES;
				GCC_OPTIMIZATION_LEVEL = 0;
				GCC_PREPROCESSOR_DEFINITIONS = (
					"DEBUG=1",
					"$(inherited)",
				);
				GCC_WARN_64_TO_32_BIT_CONVERSION = YES;
				GCC_WARN_ABOUT_RETURN_TYPE = YES_ERROR;
				GCC_WARN_UNDECLARED_SELECTOR = YES;
				GCC_WARN_UNINITIALIZED_AUTOS = YES_AGGRESSIVE;
				GCC_WARN_UNUSED_FUNCTION = YES;
				GCC_WARN_UNUSED_VARIABLE = YES;
				MACOSX_DEPLOYMENT_TARGET = 10.10;
				MTL_ENABLE_DEBUG_INFO = YES;
				ONLY_ACTIVE_ARCH = YES;
				SDKROOT = macosx;
				SWIFT_ACTIVE_COMPILATION_CONDITIONS = DEBUG;
				SWIFT_OPTIMIZATION_LEVEL = "-Onone";
			};
			name = Debug;
		};
		21F3955E2146ABCB00451A50 /* Release */ = {
			isa = XCBuildConfiguration;
			buildSettings = {
				ALWAYS_SEARCH_USER_PATHS = NO;
				CLANG_ANALYZER_NONNULL = YES;
				CLANG_ANALYZER_NUMBER_OBJECT_CONVERSION = YES_AGGRESSIVE;
				CLANG_CXX_LANGUAGE_STANDARD = "gnu++14";
				CLANG_CXX_LIBRARY = "libc++";
				CLANG_ENABLE_MODULES = YES;
				CLANG_ENABLE_OBJC_ARC = YES;
				CLANG_ENABLE_OBJC_WEAK = YES;
				CLANG_WARN_BLOCK_CAPTURE_AUTORELEASING = YES;
				CLANG_WARN_BOOL_CONVERSION = YES;
				CLANG_WARN_COMMA = YES;
				CLANG_WARN_CONSTANT_CONVERSION = YES;
				CLANG_WARN_DEPRECATED_OBJC_IMPLEMENTATIONS = YES;
				CLANG_WARN_DIRECT_OBJC_ISA_USAGE = YES_ERROR;
				CLANG_WARN_DOCUMENTATION_COMMENTS = YES;
				CLANG_WARN_EMPTY_BODY = YES;
				CLANG_WARN_ENUM_CONVERSION = YES;
				CLANG_WARN_INFINITE_RECURSION = YES;
				CLANG_WARN_INT_CONVERSION = YES;
				CLANG_WARN_NON_LITERAL_NULL_CONVERSION = YES;
				CLANG_WARN_OBJC_IMPLICIT_RETAIN_SELF = YES;
				CLANG_WARN_OBJC_LITERAL_CONVERSION = YES;
				CLANG_WARN_OBJC_ROOT_CLASS = YES_ERROR;
				CLANG_WARN_RANGE_LOOP_ANALYSIS = YES;
				CLANG_WARN_STRICT_PROTOTYPES = YES;
				CLANG_WARN_SUSPICIOUS_MOVE = YES;
				CLANG_WARN_UNGUARDED_AVAILABILITY = YES_AGGRESSIVE;
				CLANG_WARN_UNREACHABLE_CODE = YES;
				CLANG_WARN__DUPLICATE_METHOD_MATCH = YES;
				CODE_SIGN_IDENTITY = "-";
				COPY_PHASE_STRIP = NO;
				DEBUG_INFORMATION_FORMAT = "dwarf-with-dsym";
				ENABLE_NS_ASSERTIONS = NO;
				ENABLE_STRICT_OBJC_MSGSEND = YES;
				GCC_C_LANGUAGE_STANDARD = gnu11;
				GCC_NO_COMMON_BLOCKS = YES;
				GCC_WARN_64_TO_32_BIT_CONVERSION = YES;
				GCC_WARN_ABOUT_RETURN_TYPE = YES_ERROR;
				GCC_WARN_UNDECLARED_SELECTOR = YES;
				GCC_WARN_UNINITIALIZED_AUTOS = YES_AGGRESSIVE;
				GCC_WARN_UNUSED_FUNCTION = YES;
				GCC_WARN_UNUSED_VARIABLE = YES;
				MACOSX_DEPLOYMENT_TARGET = 10.10;
				MTL_ENABLE_DEBUG_INFO = NO;
				SDKROOT = macosx;
				SWIFT_COMPILATION_MODE = wholemodule;
				SWIFT_OPTIMIZATION_LEVEL = "-O";
			};
			name = Release;
		};
		21F395602146ABCB00451A50 /* Debug */ = {
			isa = XCBuildConfiguration;
			baseConfigurationReference = 3B5B4B16B803916F77E94795 /* Pods-table-log-demo-macos-cli.debug.xcconfig */;
			buildSettings = {
				CODE_SIGN_STYLE = Manual;
				DEVELOPMENT_TEAM = "";
				LD_RUNPATH_SEARCH_PATHS = (
					"$(inherited)",
					"'@executable_path/../Frameworks'",
					"'@loader_path/Frameworks'",
				);
				PRODUCT_NAME = "$(TARGET_NAME)";
				PROVISIONING_PROFILE_SPECIFIER = "";
				SWIFT_VERSION = 4.0;
			};
			name = Debug;
		};
		21F395612146ABCB00451A50 /* Release */ = {
			isa = XCBuildConfiguration;
			baseConfigurationReference = DC9500C9C73E5432FAECF543 /* Pods-table-log-demo-macos-cli.release.xcconfig */;
			buildSettings = {
				CODE_SIGN_STYLE = Manual;
				DEVELOPMENT_TEAM = "";
				LD_RUNPATH_SEARCH_PATHS = (
					"$(inherited)",
					"'@executable_path/../Frameworks'",
					"'@loader_path/Frameworks'",
				);
				PRODUCT_NAME = "$(TARGET_NAME)";
				PROVISIONING_PROFILE_SPECIFIER = "";
				SWIFT_VERSION = 4.0;
			};
			name = Release;
		};
/* End XCBuildConfiguration section */

/* Begin XCConfigurationList section */
		2156D5932157AFFF00978BED /* Build configuration list for PBXNativeTarget "table-log-demo-ios" */ = {
			isa = XCConfigurationList;
			buildConfigurations = (
				2156D5942157AFFF00978BED /* Debug */,
				2156D5952157AFFF00978BED /* Release */,
			);
			defaultConfigurationIsVisible = 0;
			defaultConfigurationName = Release;
		};
		2156D5CE2157DFBF00978BED /* Build configuration list for PBXNativeTarget "table-log-demo-macos" */ = {
			isa = XCConfigurationList;
			buildConfigurations = (
				2156D5CF2157DFBF00978BED /* Debug */,
				2156D5D02157DFBF00978BED /* Release */,
			);
			defaultConfigurationIsVisible = 0;
			defaultConfigurationName = Release;
		};
		21F395532146ABCB00451A50 /* Build configuration list for PBXProject "table-log-demo" */ = {
			isa = XCConfigurationList;
			buildConfigurations = (
				21F3955D2146ABCB00451A50 /* Debug */,
				21F3955E2146ABCB00451A50 /* Release */,
			);
			defaultConfigurationIsVisible = 0;
			defaultConfigurationName = Release;
		};
		21F3955F2146ABCB00451A50 /* Build configuration list for PBXNativeTarget "table-log-demo-macos-cli" */ = {
			isa = XCConfigurationList;
			buildConfigurations = (
				21F395602146ABCB00451A50 /* Debug */,
				21F395612146ABCB00451A50 /* Release */,
			);
			defaultConfigurationIsVisible = 0;
			defaultConfigurationName = Release;
		};
/* End XCConfigurationList section */
	};
	rootObject = 21F395502146ABCB00451A50 /* Project object */;
}
